
Microsoft Visual Studio Solution File, Format Version 12.00
# Visual Studio Version 17
VisualStudioVersion = 17.4.33122.133
MinimumVisualStudioVersion = 10.0.40219.1
Project("{FAE04EC0-301F-11D3-BF4B-00C04F79EFBC}") = "dzporpm-1", "dzporpm-1\dzporpm-1.csproj", "{C9046E08-582D-47FB-ACDC-5A00FC379755}"
EndProject
Global
	GlobalSection(SolutionConfigurationPlatforms) = preSolution
		Debug|Any CPU = Debug|Any CPU
		Release|Any CPU = Release|Any CPU
	EndGlobalSection
	GlobalSection(ProjectConfigurationPlatforms) = postSolution
		{C9046E08-582D-47FB-ACDC-5A00FC379755}.Debug|Any CPU.ActiveCfg = Debug|Any CPU
		{C9046E08-582D-47FB-ACDC-5A00FC379755}.Debug|Any CPU.Build.0 = Debug|Any CPU
		{C9046E08-582D-47FB-ACDC-5A00FC379755}.Release|Any CPU.ActiveCfg = Release|Any CPU
		{C9046E08-582D-47FB-ACDC-5A00FC379755}.Release|Any CPU.Build.0 = Release|Any CPU
	EndGlobalSection
	GlobalSection(SolutionProperties) = preSolution
		HideSolutionNode = FALSE
	EndGlobalSection
	GlobalSection(ExtensibilityGlobals) = postSolution
		SolutionGuid = {D7B21DFC-DE80-4FBE-A346-790877E28A2F}
	EndGlobalSection
EndGlobal
